
Microsoft Visual Studio Solution File, Format Version 12.00
# Visual Studio Version 16
VisualStudioVersion = 16.0.29709.97
MinimumVisualStudioVersion = 10.0.40219.1
Project("{FAE04EC0-301F-11D3-BF4B-00C04F79EFBC}") = "SQLInjection", "SQLInjection\SQLInjection.csproj", "{71300134-A2E7-4A22-B447-C846FF252889}"
EndProject
Project("{FAE04EC0-301F-11D3-BF4B-00C04F79EFBC}") = "LifeCycle", "LifeCycle\LifeCycle.csproj", "{F2B6B29C-6EAC-4A64-B52B-9544FC37F70A}"
EndProject
Global
	GlobalSection(SolutionConfigurationPlatforms) = preSolution
		Debug|Any CPU = Debug|Any CPU
		Release|Any CPU = Release|Any CPU
	EndGlobalSection
	GlobalSection(ProjectConfigurationPlatforms) = postSolution
		{71300134-A2E7-4A22-B447-C846FF252889}.Debug|Any CPU.ActiveCfg = Debug|Any CPU
		{71300134-A2E7-4A22-B447-C846FF252889}.Debug|Any CPU.Build.0 = Debug|Any CPU
		{71300134-A2E7-4A22-B447-C846FF252889}.Release|Any CPU.ActiveCfg = Release|Any CPU
		{71300134-A2E7-4A22-B447-C846FF252889}.Release|Any CPU.Build.0 = Release|Any CPU
		{F2B6B29C-6EAC-4A64-B52B-9544FC37F70A}.Debug|Any CPU.ActiveCfg = Debug|Any CPU
		{F2B6B29C-6EAC-4A64-B52B-9544FC37F70A}.Debug|Any CPU.Build.0 = Debug|Any CPU
		{F2B6B29C-6EAC-4A64-B52B-9544FC37F70A}.Release|Any CPU.ActiveCfg = Release|Any CPU
		{F2B6B29C-6EAC-4A64-B52B-9544FC37F70A}.Release|Any CPU.Build.0 = Release|Any CPU
	EndGlobalSection
	GlobalSection(SolutionProperties) = preSolution
		HideSolutionNode = FALSE
	EndGlobalSection
	GlobalSection(ExtensibilityGlobals) = postSolution
		SolutionGuid = {913DF343-E692-48E5-809D-80DC16AAEF67}
	EndGlobalSection
EndGlobal
