
Microsoft Visual Studio Solution File, Format Version 12.00
# Visual Studio Version 16
VisualStudioVersion = 16.0.29709.97
MinimumVisualStudioVersion = 10.0.40219.1
Project("{FAE04EC0-301F-11D3-BF4B-00C04F79EFBC}") = "ComparableExample", "ComparableExample\ComparableExample.csproj", "{AA3393D8-AB6D-485B-8769-BEE26E166C2F}"
EndProject
Project("{FAE04EC0-301F-11D3-BF4B-00C04F79EFBC}") = "Employee", "Employee\Employee.csproj", "{914AC2A5-E7EB-47A8-8FA2-8658382F9A18}"
EndProject
Project("{FAE04EC0-301F-11D3-BF4B-00C04F79EFBC}") = "EnumeratorExample", "EnumeratorExample\EnumeratorExample.csproj", "{11D8FFBB-0E99-485E-995B-3D9E2AA513B5}"
EndProject
Global
	GlobalSection(SolutionConfigurationPlatforms) = preSolution
		Debug|Any CPU = Debug|Any CPU
		Release|Any CPU = Release|Any CPU
	EndGlobalSection
	GlobalSection(ProjectConfigurationPlatforms) = postSolution
		{AA3393D8-AB6D-485B-8769-BEE26E166C2F}.Debug|Any CPU.ActiveCfg = Debug|Any CPU
		{AA3393D8-AB6D-485B-8769-BEE26E166C2F}.Debug|Any CPU.Build.0 = Debug|Any CPU
		{AA3393D8-AB6D-485B-8769-BEE26E166C2F}.Release|Any CPU.ActiveCfg = Release|Any CPU
		{AA3393D8-AB6D-485B-8769-BEE26E166C2F}.Release|Any CPU.Build.0 = Release|Any CPU
		{914AC2A5-E7EB-47A8-8FA2-8658382F9A18}.Debug|Any CPU.ActiveCfg = Debug|Any CPU
		{914AC2A5-E7EB-47A8-8FA2-8658382F9A18}.Debug|Any CPU.Build.0 = Debug|Any CPU
		{914AC2A5-E7EB-47A8-8FA2-8658382F9A18}.Release|Any CPU.ActiveCfg = Release|Any CPU
		{914AC2A5-E7EB-47A8-8FA2-8658382F9A18}.Release|Any CPU.Build.0 = Release|Any CPU
		{11D8FFBB-0E99-485E-995B-3D9E2AA513B5}.Debug|Any CPU.ActiveCfg = Debug|Any CPU
		{11D8FFBB-0E99-485E-995B-3D9E2AA513B5}.Debug|Any CPU.Build.0 = Debug|Any CPU
		{11D8FFBB-0E99-485E-995B-3D9E2AA513B5}.Release|Any CPU.ActiveCfg = Release|Any CPU
		{11D8FFBB-0E99-485E-995B-3D9E2AA513B5}.Release|Any CPU.Build.0 = Release|Any CPU
	EndGlobalSection
	GlobalSection(SolutionProperties) = preSolution
		HideSolutionNode = FALSE
	EndGlobalSection
	GlobalSection(ExtensibilityGlobals) = postSolution
		SolutionGuid = {4ECDEEB9-4089-4630-85FE-E4232819D8D5}
	EndGlobalSection
EndGlobal
