
Microsoft Visual Studio Solution File, Format Version 12.00
# Visual Studio Version 16
VisualStudioVersion = 16.0.29709.97
MinimumVisualStudioVersion = 10.0.40219.1
Project("{FAE04EC0-301F-11D3-BF4B-00C04F79EFBC}") = "MVCImplementation", "MVCImplementation\MVCImplementation.csproj", "{68887FCA-BDB6-48FE-9380-A1FF560AC0DC}"
EndProject
Global
	GlobalSection(SolutionConfigurationPlatforms) = preSolution
		Debug|Any CPU = Debug|Any CPU
		Release|Any CPU = Release|Any CPU
	EndGlobalSection
	GlobalSection(ProjectConfigurationPlatforms) = postSolution
		{68887FCA-BDB6-48FE-9380-A1FF560AC0DC}.Debug|Any CPU.ActiveCfg = Debug|Any CPU
		{68887FCA-BDB6-48FE-9380-A1FF560AC0DC}.Debug|Any CPU.Build.0 = Debug|Any CPU
		{68887FCA-BDB6-48FE-9380-A1FF560AC0DC}.Release|Any CPU.ActiveCfg = Release|Any CPU
		{68887FCA-BDB6-48FE-9380-A1FF560AC0DC}.Release|Any CPU.Build.0 = Release|Any CPU
	EndGlobalSection
	GlobalSection(SolutionProperties) = preSolution
		HideSolutionNode = FALSE
	EndGlobalSection
	GlobalSection(ExtensibilityGlobals) = postSolution
		SolutionGuid = {EEC0CE68-E7AE-457D-92F4-FBED254F522D}
	EndGlobalSection
EndGlobal
